
Microsoft Visual Studio Solution File, Format Version 12.00
# Visual Studio Version 17
VisualStudioVersion = 17.1.32421.90
MinimumVisualStudioVersion = 10.0.40219.1
Project("{FAE04EC0-301F-11D3-BF4B-00C04F79EFBC}") = "LambdaExpression", "LambdaExpression\LambdaExpression.csproj", "{6DD12468-55BD-48EB-8F45-41ADCDE465B7}"
EndProject
Global
	GlobalSection(SolutionConfigurationPlatforms) = preSolution
		Debug|Any CPU = Debug|Any CPU
		Release|Any CPU = Release|Any CPU
	EndGlobalSection
	GlobalSection(ProjectConfigurationPlatforms) = postSolution
		{6DD12468-55BD-48EB-8F45-41ADCDE465B7}.Debug|Any CPU.ActiveCfg = Debug|Any CPU
		{6DD12468-55BD-48EB-8F45-41ADCDE465B7}.Debug|Any CPU.Build.0 = Debug|Any CPU
		{6DD12468-55BD-48EB-8F45-41ADCDE465B7}.Release|Any CPU.ActiveCfg = Release|Any CPU
		{6DD12468-55BD-48EB-8F45-41ADCDE465B7}.Release|Any CPU.Build.0 = Release|Any CPU
	EndGlobalSection
	GlobalSection(SolutionProperties) = preSolution
		HideSolutionNode = FALSE
	EndGlobalSection
	GlobalSection(ExtensibilityGlobals) = postSolution
		SolutionGuid = {55DB08F5-8116-462D-87F6-2A3A7096206B}
	EndGlobalSection
EndGlobal
